<?xml version="1.0" encoding="Windows-1252"?>
<Project ToolsVersion="12.0" xmlns="http://schemas.microsoft.com/developer/msbuild/2003">
  <ItemGroup>
    <ClCompile Include="C:\Users\Roy\Documents\Visual Studio 2013\Projects\p4new\462deferred\src\application\main.cpp">
      <Filter>Source Files</Filter>
    </ClCompile>
  </ItemGroup>
  <ItemGroup>
    <CustomBuild Include="C:\Users\Roy\Documents\Visual Studio 2013\Projects\p4new\462deferred\src\application\CMakeLists.txt" />
  </ItemGroup>
  <ItemGroup>
    <Filter Include="Source Files">
      <UniqueIdentifier>{78DEEBF0-8A38-4FAF-B518-F0398E461BAB}</UniqueIdentifier>
    </Filter>
  </ItemGroup>
</Project>
